PODS:
  - Alamofire (3.3.1)
  - MGSwipeTableCell (1.5.5)
  - SwiftyJSON (2.3.2)
  - XCGLogger (3.3)

DEPENDENCIES:
  - Alamofire (~> 3.0)
  - MGSwipeTableCell
  - SwiftyJSON (~> 2.3)
  - XCGLogger (~> 3.2)

SPEC CHECKSUMS:
  Alamofire: 369bc67b6f5ac33ded3648d7bd21c5bfb91c2ecc
  MGSwipeTableCell: bafeb5f351124544c9364ecbdf24c7b06a37d340
  SwiftyJSON: 04ccea08915aa0109039157c7974cf0298da292a
  XCGLogger: d6e196e78940ff6daab17d6917107876f973fa31

COCOAPODS: 0.39.0
