// !$*UTF8*$!
{
	archiveVersion = 1;
	classes = {
	};
	objectVersion = 46;
	objects = {

/* Begin PBXBuildFile section */
		3E04890C1C585108002CBBF7 /* AppDelegate.swift in Sources */ = {isa = PBXBuildFile; fileRef = 3E04890B1C585108002CBBF7 /* AppDelegate.swift */; };
		3E04890E1C585108002CBBF7 /* LayoutViewController.swift in Sources */ = {isa = PBXBuildFile; fileRef = 3E04890D1C585108002CBBF7 /* LayoutViewController.swift */; };
		3E0489111C585108002CBBF7 /* Main.storyboard in Resources */ = {isa = PBXBuildFile; fileRef = 3E04890F1C585108002CBBF7 /* Main.storyboard */; };
		3E0489131C585108002CBBF7 /* Assets.xcassets in Resources */ = {isa = PBXBuildFile; fileRef = 3E0489121C585108002CBBF7 /* Assets.xcassets */; };
		3E0489161C585108002CBBF7 /* LaunchScreen.storyboard in Resources */ = {isa = PBXBuildFile; fileRef = 3E0489141C585108002CBBF7 /* LaunchScreen.storyboard */; };
		3E0489211C585108002CBBF7 /* WTBUiOSTests.swift in Sources */ = {isa = PBXBuildFile; fileRef = 3E0489201C585108002CBBF7 /* WTBUiOSTests.swift */; };
		3E04892C1C585108002CBBF7 /* WTBUiOSUITests.swift in Sources */ = {isa = PBXBuildFile; fileRef = 3E04892B1C585108002CBBF7 /* WTBUiOSUITests.swift */; };
		DCB6F0421C5853AA005177A7 /* RadioPlayer.swift in Sources */ = {isa = PBXBuildFile; fileRef = DCB6F0411C5853AA005177A7 /* RadioPlayer.swift */; };
		DCB6F0441C5853D6005177A7 /* AVFoundation.framework in Frameworks */ = {isa = PBXBuildFile; fileRef = DCB6F0431C5853D6005177A7 /* AVFoundation.framework */; };
		DCDE66221C5956C800592D95 /* VerticalScrollViewController.swift in Sources */ = {isa = PBXBuildFile; fileRef = DCDE66211C5956C800592D95 /* VerticalScrollViewController.swift */; };
		DCDE66241C595E0400592D95 /* PlayerViewController.swift in Sources */ = {isa = PBXBuildFile; fileRef = DCDE66231C595E0400592D95 /* PlayerViewController.swift */; };
		DCDE66261C5963F000592D95 /* TopViewController.swift in Sources */ = {isa = PBXBuildFile; fileRef = DCDE66251C5963F000592D95 /* TopViewController.swift */; };
/* End PBXBuildFile section */

/* Begin PBXContainerItemProxy section */
		3E04891D1C585108002CBBF7 /* PBXContainerItemProxy */ = {
			isa = PBXContainerItemProxy;
			containerPortal = 3E0489001C585108002CBBF7 /* Project object */;
			proxyType = 1;
			remoteGlobalIDString = 3E0489071C585108002CBBF7;
			remoteInfo = WTBUiOS;
		};
		3E0489281C585108002CBBF7 /* PBXContainerItemProxy */ = {
			isa = PBXContainerItemProxy;
			containerPortal = 3E0489001C585108002CBBF7 /* Project object */;
			proxyType = 1;
			remoteGlobalIDString = 3E0489071C585108002CBBF7;
			remoteInfo = WTBUiOS;
		};
/* End PBXContainerItemProxy section */

/* Begin PBXFileReference section */
		3E0489081C585108002CBBF7 /* WTBUiOS.app */ = {isa = PBXFileReference; explicitFileType = wrapper.application; includeInIndex = 0; path = WTBUiOS.app; sourceTree = BUILT_PRODUCTS_DIR; };
		3E04890B1C585108002CBBF7 /* AppDelegate.swift */ = {isa = PBXFileReference; lastKnownFileType = sourcecode.swift; path = AppDelegate.swift; sourceTree = "<group>"; };
		3E04890D1C585108002CBBF7 /* LayoutViewController.swift */ = {isa = PBXFileReference; lastKnownFileType = sourcecode.swift; path = LayoutViewController.swift; sourceTree = "<group>"; };
		3E0489101C585108002CBBF7 /* Base */ = {isa = PBXFileReference; lastKnownFileType = file.storyboard; name = Base; path = Base.lproj/Main.storyboard; sourceTree = "<group>"; };
		3E0489121C585108002CBBF7 /* Assets.xcassets */ = {isa = PBXFileReference; lastKnownFileType = folder.assetcatalog; path = Assets.xcassets; sourceTree = "<group>"; };
		3E0489151C585108002CBBF7 /* Base */ = {isa = PBXFileReference; lastKnownFileType = file.storyboard; name = Base; path = Base.lproj/LaunchScreen.storyboard; sourceTree = "<group>"; };
		3E0489171C585108002CBBF7 /* Info.plist */ = {isa = PBXFileReference; lastKnownFileType = text.plist.xml; path = Info.plist; sourceTree = "<group>"; };
		3E04891C1C585108002CBBF7 /* WTBUiOSTests.xctest */ = {isa = PBXFileReference; explicitFileType = wrapper.cfbundle; includeInIndex = 0; path = WTBUiOSTests.xctest; sourceTree = BUILT_PRODUCTS_DIR; };
		3E0489201C585108002CBBF7 /* WTBUiOSTests.swift */ = {isa = PBXFileReference; lastKnownFileType = sourcecode.swift; path = WTBUiOSTests.swift; sourceTree = "<group>"; };
		3E0489221C585108002CBBF7 /* Info.plist */ = {isa = PBXFileReference; lastKnownFileType = text.plist.xml; path = Info.plist; sourceTree = "<group>"; };
		3E0489271C585108002CBBF7 /* WTBUiOSUITests.xctest */ = {isa = PBXFileReference; explicitFileType = wrapper.cfbundle; includeInIndex = 0; path = WTBUiOSUITests.xctest; sourceTree = BUILT_PRODUCTS_DIR; };
		3E04892B1C585108002CBBF7 /* WTBUiOSUITests.swift */ = {isa = PBXFileReference; lastKnownFileType = sourcecode.swift; path = WTBUiOSUITests.swift; sourceTree = "<group>"; };
		3E04892D1C585108002CBBF7 /* Info.plist */ = {isa = PBXFileReference; lastKnownFileType = text.plist.xml; path = Info.plist; sourceTree = "<group>"; };
		DCB6F0411C5853AA005177A7 /* RadioPlayer.swift */ = {isa = PBXFileReference; fileEncoding = 4; lastKnownFileType = sourcecode.swift; path = RadioPlayer.swift; sourceTree = "<group>"; };
		DCB6F0431C5853D6005177A7 /* AVFoundation.framework */ = {isa = PBXFileReference; lastKnownFileType = wrapper.framework; name = AVFoundation.framework; path = System/Library/Frameworks/AVFoundation.framework; sourceTree = SDKROOT; };
		DCDE66211C5956C800592D95 /* VerticalScrollViewController.swift */ = {isa = PBXFileReference; fileEncoding = 4; lastKnownFileType = sourcecode.swift; path = VerticalScrollViewController.swift; sourceTree = "<group>"; };
		DCDE66231C595E0400592D95 /* PlayerViewController.swift */ = {isa = PBXFileReference; fileEncoding = 4; lastKnownFileType = sourcecode.swift; path = PlayerViewController.swift; sourceTree = "<group>"; };
		DCDE66251C5963F000592D95 /* TopViewController.swift */ = {isa = PBXFileReference; fileEncoding = 4; lastKnownFileType = sourcecode.swift; path = TopViewController.swift; sourceTree = "<group>"; };
/* End PBXFileReference section */

/* Begin PBXFrameworksBuildPhase section */
		3E0489051C585108002CBBF7 /* Frameworks */ = {
			isa = PBXFrameworksBuildPhase;
			buildActionMask = 2147483647;
			files = (
				DCB6F0441C5853D6005177A7 /* AVFoundation.framework in Frameworks */,
			);
			runOnlyForDeploymentPostprocessing = 0;
		};
		3E0489191C585108002CBBF7 /* Frameworks */ = {
			isa = PBXFrameworksBuildPhase;
			buildActionMask = 2147483647;
			files = (
			);
			runOnlyForDeploymentPostprocessing = 0;
		};
		3E0489241C585108002CBBF7 /* Frameworks */ = {
			isa = PBXFrameworksBuildPhase;
			buildActionMask = 2147483647;
			files = (
			);
			runOnlyForDeploymentPostprocessing = 0;
		};
/* End PBXFrameworksBuildPhase section */

/* Begin PBXGroup section */
		3E0488FF1C585108002CBBF7 = {
			isa = PBXGroup;
			children = (
				DCB6F0431C5853D6005177A7 /* AVFoundation.framework */,
				3E04890A1C585108002CBBF7 /* WTBUiOS */,
				3E04891F1C585108002CBBF7 /* WTBUiOSTests */,
				3E04892A1C585108002CBBF7 /* WTBUiOSUITests */,
				3E0489091C585108002CBBF7 /* Products */,
			);
			sourceTree = "<group>";
		};
		3E0489091C585108002CBBF7 /* Products */ = {
			isa = PBXGroup;
			children = (
				3E0489081C585108002CBBF7 /* WTBUiOS.app */,
				3E04891C1C585108002CBBF7 /* WTBUiOSTests.xctest */,
				3E0489271C585108002CBBF7 /* WTBUiOSUITests.xctest */,
			);
			name = Products;
			sourceTree = "<group>";
		};
		3E04890A1C585108002CBBF7 /* WTBUiOS */ = {
			isa = PBXGroup;
			children = (
				3E04890B1C585108002CBBF7 /* AppDelegate.swift */,
				DCDE66231C595E0400592D95 /* PlayerViewController.swift */,
				DCDE66251C5963F000592D95 /* TopViewController.swift */,
				3E04890D1C585108002CBBF7 /* LayoutViewController.swift */,
				DCDE66211C5956C800592D95 /* VerticalScrollViewController.swift */,
				DCB6F0411C5853AA005177A7 /* RadioPlayer.swift */,
				3E04890F1C585108002CBBF7 /* Main.storyboard */,
				3E0489121C585108002CBBF7 /* Assets.xcassets */,
				3E0489141C585108002CBBF7 /* LaunchScreen.storyboard */,
				3E0489171C585108002CBBF7 /* Info.plist */,
			);
			path = WTBUiOS;
			sourceTree = "<group>";
		};
		3E04891F1C585108002CBBF7 /* WTBUiOSTests */ = {
			isa = PBXGroup;
			children = (
				3E0489201C585108002CBBF7 /* WTBUiOSTests.swift */,
				3E0489221C585108002CBBF7 /* Info.plist */,
			);
			path = WTBUiOSTests;
			sourceTree = "<group>";
		};
		3E04892A1C585108002CBBF7 /* WTBUiOSUITests */ = {
			isa = PBXGroup;
			children = (
				3E04892B1C585108002CBBF7 /* WTBUiOSUITests.swift */,
				3E04892D1C585108002CBBF7 /* Info.plist */,
			);
			path = WTBUiOSUITests;
			sourceTree = "<group>";
		};
/* End PBXGroup section */

/* Begin PBXNativeTarget section */
		3E0489071C585108002CBBF7 /* WTBUiOS */ = {
			isa = PBXNativeTarget;
			buildConfigurationList = 3E0489301C585108002CBBF7 /* Build configuration list for PBXNativeTarget "WTBUiOS" */;
			buildPhases = (
				3E0489041C585108002CBBF7 /* Sources */,
				3E0489051C585108002CBBF7 /* Frameworks */,
				3E0489061C585108002CBBF7 /* Resources */,
			);
			buildRules = (
			);
			dependencies = (
			);
			name = WTBUiOS;
			productName = WTBUiOS;
			productReference = 3E0489081C585108002CBBF7 /* WTBUiOS.app */;
			productType = "com.apple.product-type.application";
		};
		3E04891B1C585108002CBBF7 /* WTBUiOSTests */ = {
			isa = PBXNativeTarget;
			buildConfigurationList = 3E0489331C585108002CBBF7 /* Build configuration list for PBXNativeTarget "WTBUiOSTests" */;
			buildPhases = (
				3E0489181C585108002CBBF7 /* Sources */,
				3E0489191C585108002CBBF7 /* Frameworks */,
				3E04891A1C585108002CBBF7 /* Resources */,
			);
			buildRules = (
			);
			dependencies = (
				3E04891E1C585108002CBBF7 /* PBXTargetDependency */,
			);
			name = WTBUiOSTests;
			productName = WTBUiOSTests;
			productReference = 3E04891C1C585108002CBBF7 /* WTBUiOSTests.xctest */;
			productType = "com.apple.product-type.bundle.unit-test";
		};
		3E0489261C585108002CBBF7 /* WTBUiOSUITests */ = {
			isa = PBXNativeTarget;
			buildConfigurationList = 3E0489361C585108002CBBF7 /* Build configuration list for PBXNativeTarget "WTBUiOSUITests" */;
			buildPhases = (
				3E0489231C585108002CBBF7 /* Sources */,
				3E0489241C585108002CBBF7 /* Frameworks */,
				3E0489251C585108002CBBF7 /* Resources */,
			);
			buildRules = (
			);
			dependencies = (
				3E0489291C585108002CBBF7 /* PBXTargetDependency */,
			);
			name = WTBUiOSUITests;
			productName = WTBUiOSUITests;
			productReference = 3E0489271C585108002CBBF7 /* WTBUiOSUITests.xctest */;
			productType = "com.apple.product-type.bundle.ui-testing";
		};
/* End PBXNativeTarget section */

/* Begin PBXProject section */
		3E0489001C585108002CBBF7 /* Project object */ = {
			isa = PBXProject;
			attributes = {
				LastSwiftUpdateCheck = 0720;
				LastUpgradeCheck = 0720;
				ORGANIZATIONNAME = "Calvin Rose";
				TargetAttributes = {
					3E0489071C585108002CBBF7 = {
						CreatedOnToolsVersion = 7.2;
					};
					3E04891B1C585108002CBBF7 = {
						CreatedOnToolsVersion = 7.2;
						TestTargetID = 3E0489071C585108002CBBF7;
					};
					3E0489261C585108002CBBF7 = {
						CreatedOnToolsVersion = 7.2;
						TestTargetID = 3E0489071C585108002CBBF7;
					};
				};
			};
			buildConfigurationList = 3E0489031C585108002CBBF7 /* Build configuration list for PBXProject "WTBUiOS" */;
			compatibilityVersion = "Xcode 3.2";
			developmentRegion = English;
			hasScannedForEncodings = 0;
			knownRegions = (
				en,
				Base,
			);
			mainGroup = 3E0488FF1C585108002CBBF7;
			productRefGroup = 3E0489091C585108002CBBF7 /* Products */;
			projectDirPath = "";
			projectRoot = "";
			targets = (
				3E0489071C585108002CBBF7 /* WTBUiOS */,
				3E04891B1C585108002CBBF7 /* WTBUiOSTests */,
				3E0489261C585108002CBBF7 /* WTBUiOSUITests */,
			);
		};
/* End PBXProject section */

/* Begin PBXResourcesBuildPhase section */
		3E0489061C585108002CBBF7 /* Resources */ = {
			isa = PBXResourcesBuildPhase;
			buildActionMask = 2147483647;
			files = (
				3E0489161C585108002CBBF7 /* LaunchScreen.storyboard in Resources */,
				3E0489131C585108002CBBF7 /* Assets.xcassets in Resources */,
				3E0489111C585108002CBBF7 /* Main.storyboard in Resources */,
			);
			runOnlyForDeploymentPostprocessing = 0;
		};
		3E04891A1C585108002CBBF7 /* Resources */ = {
			isa = PBXResourcesBuildPhase;
			buildActionMask = 2147483647;
			files = (
			);
			runOnlyForDeploymentPostprocessing = 0;
		};
		3E0489251C585108002CBBF7 /* Resources */ = {
			isa = PBXResourcesBuildPhase;
			buildActionMask = 2147483647;
			files = (
			);
			runOnlyForDeploymentPostprocessing = 0;
		};
/* End PBXResourcesBuildPhase section */

/* Begin PBXSourcesBuildPhase section */
		3E0489041C585108002CBBF7 /* Sources */ = {
			isa = PBXSourcesBuildPhase;
			buildActionMask = 2147483647;
			files = (
				DCDE66261C5963F000592D95 /* TopViewController.swift in Sources */,
				DCB6F0421C5853AA005177A7 /* RadioPlayer.swift in Sources */,
				DCDE66221C5956C800592D95 /* VerticalScrollViewController.swift in Sources */,
				3E04890E1C585108002CBBF7 /* LayoutViewController.swift in Sources */,
				3E04890C1C585108002CBBF7 /* AppDelegate.swift in Sources */,
				DCDE66241C595E0400592D95 /* PlayerViewController.swift in Sources */,
			);
			runOnlyForDeploymentPostprocessing = 0;
		};
		3E0489181C585108002CBBF7 /* Sources */ = {
			isa = PBXSourcesBuildPhase;
			buildActionMask = 2147483647;
			files = (
				3E0489211C585108002CBBF7 /* WTBUiOSTests.swift in Sources */,
			);
			runOnlyForDeploymentPostprocessing = 0;
		};
		3E0489231C585108002CBBF7 /* Sources */ = {
			isa = PBXSourcesBuildPhase;
			buildActionMask = 2147483647;
			files = (
				3E04892C1C585108002CBBF7 /* WTBUiOSUITests.swift in Sources */,
			);
			runOnlyForDeploymentPostprocessing = 0;
		};
/* End PBXSourcesBuildPhase section */

/* Begin PBXTargetDependency section */
		3E04891E1C585108002CBBF7 /* PBXTargetDependency */ = {
			isa = PBXTargetDependency;
			target = 3E0489071C585108002CBBF7 /* WTBUiOS */;
			targetProxy = 3E04891D1C585108002CBBF7 /* PBXContainerItemProxy */;
		};
		3E0489291C585108002CBBF7 /* PBXTargetDependency */ = {
			isa = PBXTargetDependency;
			target = 3E0489071C585108002CBBF7 /* WTBUiOS */;
			targetProxy = 3E0489281C585108002CBBF7 /* PBXContainerItemProxy */;
		};
/* End PBXTargetDependency section */

/* Begin PBXVariantGroup section */
		3E04890F1C585108002CBBF7 /* Main.storyboard */ = {
			isa = PBXVariantGroup;
			children = (
				3E0489101C585108002CBBF7 /* Base */,
			);
			name = Main.storyboard;
			sourceTree = "<group>";
		};
		3E0489141C585108002CBBF7 /* LaunchScreen.storyboard */ = {
			isa = PBXVariantGroup;
			children = (
				3E0489151C585108002CBBF7 /* Base */,
			);
			name = LaunchScreen.storyboard;
			sourceTree = "<group>";
		};
/* End PBXVariantGroup section */

/* Begin XCBuildConfiguration section */
		3E04892E1C585108002CBBF7 /* Debug */ = {
			isa = XCBuildConfiguration;
			buildSettings = {
				ALWAYS_SEARCH_USER_PATHS = NO;
				CLANG_CXX_LANGUAGE_STANDARD = "gnu++0x";
				CLANG_CXX_LIBRARY = "libc++";
				CLANG_ENABLE_MODULES = YES;
				CLANG_ENABLE_OBJC_ARC = YES;
				CLANG_WARN_BOOL_CONVERSION = YES;
				CLANG_WARN_CONSTANT_CONVERSION = YES;
				CLANG_WARN_DIRECT_OBJC_ISA_USAGE = YES_ERROR;
				CLANG_WARN_EMPTY_BODY = YES;
				CLANG_WARN_ENUM_CONVERSION = YES;
				CLANG_WARN_INT_CONVERSION = YES;
				CLANG_WARN_OBJC_ROOT_CLASS = YES_ERROR;
				CLANG_WARN_UNREACHABLE_CODE = YES;
				CLANG_WARN__DUPLICATE_METHOD_MATCH = YES;
				"CODE_SIGN_IDENTITY[sdk=iphoneos*]" = "iPhone Developer";
				COPY_PHASE_STRIP = NO;
				DEBUG_INFORMATION_FORMAT = dwarf;
				ENABLE_STRICT_OBJC_MSGSEND = YES;
				ENABLE_TESTABILITY = YES;
				GCC_C_LANGUAGE_STANDARD = gnu99;
				GCC_DYNAMIC_NO_PIC = NO;
				GCC_NO_COMMON_BLOCKS = YES;
				GCC_OPTIMIZATION_LEVEL = 0;
				GCC_PREPROCESSOR_DEFINITIONS = (
					"DEBUG=1",
					"$(inherited)",
				);
				GCC_WARN_64_TO_32_BIT_CONVERSION = YES;
				GCC_WARN_ABOUT_RETURN_TYPE = YES_ERROR;
				GCC_WARN_UNDECLARED_SELECTOR = YES;
				GCC_WARN_UNINITIALIZED_AUTOS = YES_AGGRESSIVE;
				GCC_WARN_UNUSED_FUNCTION = YES;
				GCC_WARN_UNUSED_VARIABLE = YES;
				IPHONEOS_DEPLOYMENT_TARGET = 9.2;
				MTL_ENABLE_DEBUG_INFO = YES;
				ONLY_ACTIVE_ARCH = YES;
				SDKROOT = iphoneos;
				SWIFT_OPTIMIZATION_LEVEL = "-Onone";
				TARGETED_DEVICE_FAMILY = "1,2";
			};
			name = Debug;
		};
		3E04892F1C585108002CBBF7 /* Release */ = {
			isa = XCBuildConfiguration;
			buildSettings = {
				ALWAYS_SEARCH_USER_PATHS = NO;
				CLANG_CXX_LANGUAGE_STANDARD = "gnu++0x";
				CLANG_CXX_LIBRARY = "libc++";
				CLANG_ENABLE_MODULES = YES;
				CLANG_ENABLE_OBJC_ARC = YES;
				CLANG_WARN_BOOL_CONVERSION = YES;
				CLANG_WARN_CONSTANT_CONVERSION = YES;
				CLANG_WARN_DIRECT_OBJC_ISA_USAGE = YES_ERROR;
				CLANG_WARN_EMPTY_BODY = YES;
				CLANG_WARN_ENUM_CONVERSION = YES;
				CLANG_WARN_INT_CONVERSION = YES;
				CLANG_WARN_OBJC_ROOT_CLASS = YES_ERROR;
				CLANG_WARN_UNREACHABLE_CODE = YES;
				CLANG_WARN__DUPLICATE_METHOD_MATCH = YES;
				"CODE_SIGN_IDENTITY[sdk=iphoneos*]" = "iPhone Developer";
				COPY_PHASE_STRIP = NO;
				DEBUG_INFORMATION_FORMAT = "dwarf-with-dsym";
				ENABLE_NS_ASSERTIONS = NO;
				ENABLE_STRICT_OBJC_MSGSEND = YES;
				GCC_C_LANGUAGE_STANDARD = gnu99;
				GCC_NO_COMMON_BLOCKS = YES;
				GCC_WARN_64_TO_32_BIT_CONVERSION = YES;
				GCC_WARN_ABOUT_RETURN_TYPE = YES_ERROR;
				GCC_WARN_UNDECLARED_SELECTOR = YES;
				GCC_WARN_UNINITIALIZED_AUTOS = YES_AGGRESSIVE;
				GCC_WARN_UNUSED_FUNCTION = YES;
				GCC_WARN_UNUSED_VARIABLE = YES;
				IPHONEOS_DEPLOYMENT_TARGET = 9.2;
				MTL_ENABLE_DEBUG_INFO = NO;
				SDKROOT = iphoneos;
				TARGETED_DEVICE_FAMILY = "1,2";
				VALIDATE_PRODUCT = YES;
			};
			name = Release;
		};
		3E0489311C585108002CBBF7 /* Debug */ = {
			isa = XCBuildConfiguration;
			buildSettings = {
				ASSETCATALOG_COMPILER_APPICON_NAME = AppIcon;
				INFOPLIST_FILE = WTBUiOS/Info.plist;
				LD_RUNPATH_SEARCH_PATHS = "$(inherited) @executable_path/Frameworks";
				PRODUCT_BUNDLE_IDENTIFIER = bakpakin.WTBUiOS;
				PRODUCT_NAME = "$(TARGET_NAME)";
			};
			name = Debug;
		};
		3E0489321C585108002CBBF7 /* Release */ = {
			isa = XCBuildConfiguration;
			buildSettings = {
				ASSETCATALOG_COMPILER_APPICON_NAME = AppIcon;
				INFOPLIST_FILE = WTBUiOS/Info.plist;
				LD_RUNPATH_SEARCH_PATHS = "$(inherited) @executable_path/Frameworks";
				PRODUCT_BUNDLE_IDENTIFIER = bakpakin.WTBUiOS;
				PRODUCT_NAME = "$(TARGET_NAME)";
			};
			name = Release;
		};
		3E0489341C585108002CBBF7 /* Debug */ = {
			isa = XCBuildConfiguration;
			buildSettings = {
				BUNDLE_LOADER = "$(TEST_HOST)";
				INFOPLIST_FILE = WTBUiOSTests/Info.plist;
				LD_RUNPATH_SEARCH_PATHS = "$(inherited) @executable_path/Frameworks @loader_path/Frameworks";
				PRODUCT_BUNDLE_IDENTIFIER = bakpakin.WTBUiOSTests;
				PRODUCT_NAME = "$(TARGET_NAME)";
				TEST_HOST = "$(BUILT_PRODUCTS_DIR)/WTBUiOS.app/WTBUiOS";
			};
			name = Debug;
		};
		3E0489351C585108002CBBF7 /* Release */ = {
			isa = XCBuildConfiguration;
			buildSettings = {
				BUNDLE_LOADER = "$(TEST_HOST)";
				INFOPLIST_FILE = WTBUiOSTests/Info.plist;
				LD_RUNPATH_SEARCH_PATHS = "$(inherited) @executable_path/Frameworks @loader_path/Frameworks";
				PRODUCT_BUNDLE_IDENTIFIER = bakpakin.WTBUiOSTests;
				PRODUCT_NAME = "$(TARGET_NAME)";
				TEST_HOST = "$(BUILT_PRODUCTS_DIR)/WTBUiOS.app/WTBUiOS";
			};
			name = Release;
		};
		3E0489371C585108002CBBF7 /* Debug */ = {
			isa = XCBuildConfiguration;
			buildSettings = {
				INFOPLIST_FILE = WTBUiOSUITests/Info.plist;
				LD_RUNPATH_SEARCH_PATHS = "$(inherited) @executable_path/Frameworks @loader_path/Frameworks";
				PRODUCT_BUNDLE_IDENTIFIER = bakpakin.WTBUiOSUITests;
				PRODUCT_NAME = "$(TARGET_NAME)";
				TEST_TARGET_NAME = WTBUiOS;
				USES_XCTRUNNER = YES;
			};
			name = Debug;
		};
		3E0489381C585108002CBBF7 /* Release */ = {
			isa = XCBuildConfiguration;
			buildSettings = {
				INFOPLIST_FILE = WTBUiOSUITests/Info.plist;
				LD_RUNPATH_SEARCH_PATHS = "$(inherited) @executable_path/Frameworks @loader_path/Frameworks";
				PRODUCT_BUNDLE_IDENTIFIER = bakpakin.WTBUiOSUITests;
				PRODUCT_NAME = "$(TARGET_NAME)";
				TEST_TARGET_NAME = WTBUiOS;
				USES_XCTRUNNER = YES;
			};
			name = Release;
		};
/* End XCBuildConfiguration section */

/* Begin XCConfigurationList section */
		3E0489031C585108002CBBF7 /* Build configuration list for PBXProject "WTBUiOS" */ = {
			isa = XCConfigurationList;
			buildConfigurations = (
				3E04892E1C585108002CBBF7 /* Debug */,
				3E04892F1C585108002CBBF7 /* Release */,
			);
			defaultConfigurationIsVisible = 0;
			defaultConfigurationName = Release;
		};
		3E0489301C585108002CBBF7 /* Build configuration list for PBXNativeTarget "WTBUiOS" */ = {
			isa = XCConfigurationList;
			buildConfigurations = (
				3E0489311C585108002CBBF7 /* Debug */,
				3E0489321C585108002CBBF7 /* Release */,
			);
			defaultConfigurationIsVisible = 0;
			defaultConfigurationName = Release;
		};
		3E0489331C585108002CBBF7 /* Build configuration list for PBXNativeTarget "WTBUiOSTests" */ = {
			isa = XCConfigurationList;
			buildConfigurations = (
				3E0489341C585108002CBBF7 /* Debug */,
				3E0489351C585108002CBBF7 /* Release */,
			);
			defaultConfigurationIsVisible = 0;
			defaultConfigurationName = Release;
		};
		3E0489361C585108002CBBF7 /* Build configuration list for PBXNativeTarget "WTBUiOSUITests" */ = {
			isa = XCConfigurationList;
			buildConfigurations = (
				3E0489371C585108002CBBF7 /* Debug */,
				3E0489381C585108002CBBF7 /* Release */,
			);
			defaultConfigurationIsVisible = 0;
			defaultConfigurationName = Release;
		};
/* End XCConfigurationList section */
	};
	rootObject = 3E0489001C585108002CBBF7 /* Project object */;
}
